
Microsoft Visual Studio Solution File, Format Version 12.00
# Visual Studio Version 17
VisualStudioVersion = 17.7.34221.43
MinimumVisualStudioVersion = 10.0.40219.1
Project("{F184B08F-C81C-45F6-A57F-5ABD9991F28F}") = "variables_data_types", "variables_data_types.vbproj", "{B1F83E92-1028-4E02-AE5B-CEF94685C8C3}"
EndProject
Global
	GlobalSection(SolutionConfigurationPlatforms) = preSolution
		Debug|Any CPU = Debug|Any CPU
		Release|Any CPU = Release|Any CPU
	EndGlobalSection
	GlobalSection(ProjectConfigurationPlatforms) = postSolution
		{B1F83E92-1028-4E02-AE5B-CEF94685C8C3}.Debug|Any CPU.ActiveCfg = Debug|Any CPU
		{B1F83E92-1028-4E02-AE5B-CEF94685C8C3}.Debug|Any CPU.Build.0 = Debug|Any CPU
		{B1F83E92-1028-4E02-AE5B-CEF94685C8C3}.Release|Any CPU.ActiveCfg = Release|Any CPU
		{B1F83E92-1028-4E02-AE5B-CEF94685C8C3}.Release|Any CPU.Build.0 = Release|Any CPU
	EndGlobalSection
	GlobalSection(SolutionProperties) = preSolution
		HideSolutionNode = FALSE
	EndGlobalSection
	GlobalSection(ExtensibilityGlobals) = postSolution
		SolutionGuid = {FA1BCBE1-779D-4823-98B1-B091C2871052}
	EndGlobalSection
EndGlobal
